{
  "name": "liamattclarke.github.io",
  "lockfileVersion": 2,
  "requires": true,
  "packages": {
    "": {
      "devDependencies": {
        "husky": "^5.1.1",
        "mustache": "^3.0.1"
      }
    },
    "node_modules/husky": {
      "version": "5.1.1",
      "resolved": "https://registry.npmjs.org/husky/-/husky-5.1.1.tgz",
      "integrity": "sha512-80LZ736V0Nr4/st0c2COYaMbEQhHNmAbLMN8J/kLk7/mo0QdUkUGNDjv/7jVkhug377Wh8wfbWyaVXEJ/h2B/Q==",
      "dev": true,
      "funding": [
        {
          "type": "github",
          "url": "https://github.com/sponsors/typicode"
        },
        {
          "type": "opencollective",
          "url": "https://opencollective.com/husky"
        }
      ],
      "hasInstallScript": true,
      "bin": {
        "husky": "lib/bin.js"
      },
      "engines": {
        "node": ">= 10"
      }
    },
    "node_modules/mustache": {
      "version": "3.0.1",
      "resolved": "https://registry.npmjs.org/mustache/-/mustache-3.0.1.tgz",
      "integrity": "sha512-jFI/4UVRsRYdUbuDTKT7KzfOp7FiD5WzYmmwNwXyUVypC0xjoTL78Fqc0jHUPIvvGD+6DQSPHIt1NE7D1ArsqA==",
      "dev": true,
      "bin": {
        "mustache": "bin/mustache"
      },
      "engines": {
        "npm": ">=1.4.0"
      }
    }
  },
  "dependencies": {
    "husky": {
      "version": "5.1.1",
      "resolved": "https://registry.npmjs.org/husky/-/husky-5.1.1.tgz",
      "integrity": "sha512-80LZ736V0Nr4/st0c2COYaMbEQhHNmAbLMN8J/kLk7/mo0QdUkUGNDjv/7jVkhug377Wh8wfbWyaVXEJ/h2B/Q==",
      "dev": true
    },
    "mustache": {
      "version": "3.0.1",
      "resolved": "https://registry.npmjs.org/mustache/-/mustache-3.0.1.tgz",
      "integrity": "sha512-jFI/4UVRsRYdUbuDTKT7KzfOp7FiD5WzYmmwNwXyUVypC0xjoTL78Fqc0jHUPIvvGD+6DQSPHIt1NE7D1ArsqA==",
      "dev": true
    }
  }
}
